// !$*UTF8*$!
{
	archiveVersion = 1;
	classes = {
	};
	objectVersion = 56;
	objects = {

/* Begin PBXBuildFile section */
		181352E12B1579B200D26443 /* NoteApp.swift in Sources */ = {isa = PBXBuildFile; fileRef = 181352E02B1579B200D26443 /* NoteApp.swift */; };
		181352E32B1579B200D26443 /* ContentView.swift in Sources */ = {isa = PBXBuildFile; fileRef = 181352E22B1579B200D26443 /* ContentView.swift */; };
		181352E52B1579B300D26443 /* Assets.xcassets in Resources */ = {isa = PBXBuildFile; fileRef = 181352E42B1579B300D26443 /* Assets.xcassets */; };
		181352E82B1579B300D26443 /* Preview Assets.xcassets in Resources */ = {isa = PBXBuildFile; fileRef = 181352E72B1579B300D26443 /* Preview Assets.xcassets */; };
		181352EA2B1579B300D26443 /* Persistence.swift in Sources */ = {isa = PBXBuildFile; fileRef = 181352E92B1579B300D26443 /* Persistence.swift */; };
		181352F92B1579B300D26443 /* NoteAppTests.swift in Sources */ = {isa = PBXBuildFile; fileRef = 181352F82B1579B300D26443 /* NoteAppTests.swift */; };
		181353032B1579B300D26443 /* NoteAppUITests.swift in Sources */ = {isa = PBXBuildFile; fileRef = 181353022B1579B300D26443 /* NoteAppUITests.swift */; };
		181353052B1579B300D26443 /* NoteAppUITestsLaunchTests.swift in Sources */ = {isa = PBXBuildFile; fileRef = 181353042B1579B300D26443 /* NoteAppUITestsLaunchTests.swift */; };
		181353192B157F7800D26443 /* LoginView.swift in Sources */ = {isa = PBXBuildFile; fileRef = 181353182B157F7800D26443 /* LoginView.swift */; };
		1813531B2B15821200D26443 /* User.swift in Sources */ = {isa = PBXBuildFile; fileRef = 1813531A2B15821200D26443 /* User.swift */; };
		181353212B15917400D26443 /* NoteListView.swift in Sources */ = {isa = PBXBuildFile; fileRef = 181353202B15917400D26443 /* NoteListView.swift */; };
		181353232B15928E00D26443 /* NotesViewModel.swift in Sources */ = {isa = PBXBuildFile; fileRef = 181353222B15928E00D26443 /* NotesViewModel.swift */; };
		183375BC2B15FBD400137952 /* MyNotes.xcdatamodeld in Sources */ = {isa = PBXBuildFile; fileRef = 183375BA2B15FBD400137952 /* MyNotes.xcdatamodeld */; };
		188FE54B2B16F80F00D4D3DE /* DeleteNoteViewModel.swift in Sources */ = {isa = PBXBuildFile; fileRef = 188FE54A2B16F80F00D4D3DE /* DeleteNoteViewModel.swift */; };
		188FE54E2B16FDE000D4D3DE /* AddEditNoteView.swift in Sources */ = {isa = PBXBuildFile; fileRef = 188FE54D2B16FDE000D4D3DE /* AddEditNoteView.swift */; };
		188FE5502B17390A00D4D3DE /* LoginViewModel.swift in Sources */ = {isa = PBXBuildFile; fileRef = 188FE54F2B17390A00D4D3DE /* LoginViewModel.swift */; };
		188FE5522B174F0200D4D3DE /* LoginViewModelTests.swift in Sources */ = {isa = PBXBuildFile; fileRef = 188FE5512B174F0200D4D3DE /* LoginViewModelTests.swift */; };
/* End PBXBuildFile section */

/* Begin PBXContainerItemProxy section */
		181352F52B1579B300D26443 /* PBXContainerItemProxy */ = {
			isa = PBXContainerItemProxy;
			containerPortal = 181352D52B1579B200D26443 /* Project object */;
			proxyType = 1;
			remoteGlobalIDString = 181352DC2B1579B200D26443;
			remoteInfo = NoteApp;
		};
		181352FF2B1579B300D26443 /* PBXContainerItemProxy */ = {
			isa = PBXContainerItemProxy;
			containerPortal = 181352D52B1579B200D26443 /* Project object */;
			proxyType = 1;
			remoteGlobalIDString = 181352DC2B1579B200D26443;
			remoteInfo = NoteApp;
		};
/* End PBXContainerItemProxy section */

/* Begin PBXFileReference section */
		181352DD2B1579B200D26443 /* NoteApp.app */ = {isa = PBXFileReference; explicitFileType = wrapper.application; includeInIndex = 0; path = NoteApp.app; sourceTree = BUILT_PRODUCTS_DIR; };
		181352E02B1579B200D26443 /* NoteApp.swift */ = {isa = PBXFileReference; lastKnownFileType = sourcecode.swift; path = NoteApp.swift; sourceTree = "<group>"; };
		181352E22B1579B200D26443 /* ContentView.swift */ = {isa = PBXFileReference; lastKnownFileType = sourcecode.swift; path = ContentView.swift; sourceTree = "<group>"; };
		181352E42B1579B300D26443 /* Assets.xcassets */ = {isa = PBXFileReference; lastKnownFileType = folder.assetcatalog; path = Assets.xcassets; sourceTree = "<group>"; };
		181352E72B1579B300D26443 /* Preview Assets.xcassets */ = {isa = PBXFileReference; lastKnownFileType = folder.assetcatalog; path = "Preview Assets.xcassets"; sourceTree = "<group>"; };
		181352E92B1579B300D26443 /* Persistence.swift */ = {isa = PBXFileReference; lastKnownFileType = sourcecode.swift; path = Persistence.swift; sourceTree = "<group>"; };
		181352EE2B1579B300D26443 /* NoteApp.entitlements */ = {isa = PBXFileReference; lastKnownFileType = text.plist.entitlements; path = NoteApp.entitlements; sourceTree = "<group>"; };
		181352EF2B1579B300D26443 /* Info.plist */ = {isa = PBXFileReference; lastKnownFileType = text.plist.xml; path = Info.plist; sourceTree = "<group>"; };
		181352F42B1579B300D26443 /* NoteAppTests.xctest */ = {isa = PBXFileReference; explicitFileType = wrapper.cfbundle; includeInIndex = 0; path = NoteAppTests.xctest; sourceTree = BUILT_PRODUCTS_DIR; };
		181352F82B1579B300D26443 /* NoteAppTests.swift */ = {isa = PBXFileReference; lastKnownFileType = sourcecode.swift; path = NoteAppTests.swift; sourceTree = "<group>"; };
		181352FE2B1579B300D26443 /* NoteAppUITests.xctest */ = {isa = PBXFileReference; explicitFileType = wrapper.cfbundle; includeInIndex = 0; path = NoteAppUITests.xctest; sourceTree = BUILT_PRODUCTS_DIR; };
		181353022B1579B300D26443 /* NoteAppUITests.swift */ = {isa = PBXFileReference; lastKnownFileType = sourcecode.swift; path = NoteAppUITests.swift; sourceTree = "<group>"; };
		181353042B1579B300D26443 /* NoteAppUITestsLaunchTests.swift */ = {isa = PBXFileReference; lastKnownFileType = sourcecode.swift; path = NoteAppUITestsLaunchTests.swift; sourceTree = "<group>"; };
		181353182B157F7800D26443 /* LoginView.swift */ = {isa = PBXFileReference; lastKnownFileType = sourcecode.swift; path = LoginView.swift; sourceTree = "<group>"; };
		1813531A2B15821200D26443 /* User.swift */ = {isa = PBXFileReference; lastKnownFileType = sourcecode.swift; path = User.swift; sourceTree = "<group>"; };
		181353202B15917400D26443 /* NoteListView.swift */ = {isa = PBXFileReference; lastKnownFileType = sourcecode.swift; path = NoteListView.swift; sourceTree = "<group>"; };
		181353222B15928E00D26443 /* NotesViewModel.swift */ = {isa = PBXFileReference; lastKnownFileType = sourcecode.swift; path = NotesViewModel.swift; sourceTree = "<group>"; };
		183375B72B15EA8C00137952 /* NoteData.swift */ = {isa = PBXFileReference; lastKnownFileType = sourcecode.swift; path = NoteData.swift; sourceTree = "<group>"; };
		183375BB2B15FBD400137952 /* MyNotes.xcdatamodel */ = {isa = PBXFileReference; lastKnownFileType = wrapper.xcdatamodel; path = MyNotes.xcdatamodel; sourceTree = "<group>"; };
		188FE54A2B16F80F00D4D3DE /* DeleteNoteViewModel.swift */ = {isa = PBXFileReference; lastKnownFileType = sourcecode.swift; path = DeleteNoteViewModel.swift; sourceTree = "<group>"; };
		188FE54D2B16FDE000D4D3DE /* AddEditNoteView.swift */ = {isa = PBXFileReference; lastKnownFileType = sourcecode.swift; path = AddEditNoteView.swift; sourceTree = "<group>"; };
		188FE54F2B17390A00D4D3DE /* LoginViewModel.swift */ = {isa = PBXFileReference; lastKnownFileType = sourcecode.swift; path = LoginViewModel.swift; sourceTree = "<group>"; };
		188FE5512B174F0200D4D3DE /* LoginViewModelTests.swift */ = {isa = PBXFileReference; lastKnownFileType = sourcecode.swift; path = LoginViewModelTests.swift; sourceTree = "<group>"; };
/* End PBXFileReference section */

/* Begin PBXFrameworksBuildPhase section */
		181352DA2B1579B200D26443 /* Frameworks */ = {
			isa = PBXFrameworksBuildPhase;
			buildActionMask = 2147483647;
			files = (
			);
			runOnlyForDeploymentPostprocessing = 0;
		};
		181352F12B1579B300D26443 /* Frameworks */ = {
			isa = PBXFrameworksBuildPhase;
			buildActionMask = 2147483647;
			files = (
			);
			runOnlyForDeploymentPostprocessing = 0;
		};
		181352FB2B1579B300D26443 /* Frameworks */ = {
			isa = PBXFrameworksBuildPhase;
			buildActionMask = 2147483647;
			files = (
			);
			runOnlyForDeploymentPostprocessing = 0;
		};
/* End PBXFrameworksBuildPhase section */

/* Begin PBXGroup section */
		181352D42B1579B200D26443 = {
			isa = PBXGroup;
			children = (
				181352DF2B1579B200D26443 /* NoteApp */,
				181352F72B1579B300D26443 /* NoteAppTests */,
				181353012B1579B300D26443 /* NoteAppUITests */,
				181352DE2B1579B200D26443 /* Products */,
			);
			sourceTree = "<group>";
		};
		181352DE2B1579B200D26443 /* Products */ = {
			isa = PBXGroup;
			children = (
				181352DD2B1579B200D26443 /* NoteApp.app */,
				181352F42B1579B300D26443 /* NoteAppTests.xctest */,
				181352FE2B1579B300D26443 /* NoteAppUITests.xctest */,
			);
			name = Products;
			sourceTree = "<group>";
		};
		181352DF2B1579B200D26443 /* NoteApp */ = {
			isa = PBXGroup;
			children = (
				181353112B157D0900D26443 /* Model */,
				181353132B157D1500D26443 /* ViewModel */,
				181353122B157D0F00D26443 /* Views */,
				181352E02B1579B200D26443 /* NoteApp.swift */,
				181352E22B1579B200D26443 /* ContentView.swift */,
				1813531C2B158DBB00D26443 /* DataModel */,
				181352E42B1579B300D26443 /* Assets.xcassets */,
				181352EE2B1579B300D26443 /* NoteApp.entitlements */,
				181352EF2B1579B300D26443 /* Info.plist */,
				181352E62B1579B300D26443 /* Preview Content */,
			);
			path = NoteApp;
			sourceTree = "<group>";
		};
		181352E62B1579B300D26443 /* Preview Content */ = {
			isa = PBXGroup;
			children = (
				181352E72B1579B300D26443 /* Preview Assets.xcassets */,
			);
			path = "Preview Content";
			sourceTree = "<group>";
		};
		181352F72B1579B300D26443 /* NoteAppTests */ = {
			isa = PBXGroup;
			children = (
				181352F82B1579B300D26443 /* NoteAppTests.swift */,
				188FE5512B174F0200D4D3DE /* LoginViewModelTests.swift */,
			);
			path = NoteAppTests;
			sourceTree = "<group>";
		};
		181353012B1579B300D26443 /* NoteAppUITests */ = {
			isa = PBXGroup;
			children = (
				181353022B1579B300D26443 /* NoteAppUITests.swift */,
				181353042B1579B300D26443 /* NoteAppUITestsLaunchTests.swift */,
			);
			path = NoteAppUITests;
			sourceTree = "<group>";
		};
		181353112B157D0900D26443 /* Model */ = {
			isa = PBXGroup;
			children = (
				1813531A2B15821200D26443 /* User.swift */,
				183375B72B15EA8C00137952 /* NoteData.swift */,
			);
			path = Model;
			sourceTree = "<group>";
		};
		181353122B157D0F00D26443 /* Views */ = {
			isa = PBXGroup;
			children = (
				181353172B157F3300D26443 /* HomeScene */,
				181353162B157F2B00D26443 /* LoginScene */,
			);
			path = Views;
			sourceTree = "<group>";
		};
		181353132B157D1500D26443 /* ViewModel */ = {
			isa = PBXGroup;
			children = (
				181353222B15928E00D26443 /* NotesViewModel.swift */,
				188FE54A2B16F80F00D4D3DE /* DeleteNoteViewModel.swift */,
				188FE54F2B17390A00D4D3DE /* LoginViewModel.swift */,
			);
			path = ViewModel;
			sourceTree = "<group>";
		};
		181353162B157F2B00D26443 /* LoginScene */ = {
			isa = PBXGroup;
			children = (
				181353182B157F7800D26443 /* LoginView.swift */,
			);
			path = LoginScene;
			sourceTree = "<group>";
		};
		181353172B157F3300D26443 /* HomeScene */ = {
			isa = PBXGroup;
			children = (
				188FE54C2B16FDAC00D4D3DE /* AddEditScene */,
				181353252B15A39900D26443 /* ListScene */,
			);
			path = HomeScene;
			sourceTree = "<group>";
		};
		1813531C2B158DBB00D26443 /* DataModel */ = {
			isa = PBXGroup;
			children = (
				181352E92B1579B300D26443 /* Persistence.swift */,
				183375BA2B15FBD400137952 /* MyNotes.xcdatamodeld */,
			);
			path = DataModel;
			sourceTree = "<group>";
		};
		181353252B15A39900D26443 /* ListScene */ = {
			isa = PBXGroup;
			children = (
				181353202B15917400D26443 /* NoteListView.swift */,
			);
			path = ListScene;
			sourceTree = "<group>";
		};
		188FE54C2B16FDAC00D4D3DE /* AddEditScene */ = {
			isa = PBXGroup;
			children = (
				188FE54D2B16FDE000D4D3DE /* AddEditNoteView.swift */,
			);
			path = AddEditScene;
			sourceTree = "<group>";
		};
/* End PBXGroup section */

/* Begin PBXNativeTarget section */
		181352DC2B1579B200D26443 /* NoteApp */ = {
			isa = PBXNativeTarget;
			buildConfigurationList = 181353082B1579B300D26443 /* Build configuration list for PBXNativeTarget "NoteApp" */;
			buildPhases = (
				181352D92B1579B200D26443 /* Sources */,
				181352DA2B1579B200D26443 /* Frameworks */,
				181352DB2B1579B200D26443 /* Resources */,
			);
			buildRules = (
			);
			dependencies = (
			);
			name = NoteApp;
			productName = NoteApp;
			productReference = 181352DD2B1579B200D26443 /* NoteApp.app */;
			productType = "com.apple.product-type.application";
		};
		181352F32B1579B300D26443 /* NoteAppTests */ = {
			isa = PBXNativeTarget;
			buildConfigurationList = 1813530B2B1579B300D26443 /* Build configuration list for PBXNativeTarget "NoteAppTests" */;
			buildPhases = (
				181352F02B1579B300D26443 /* Sources */,
				181352F12B1579B300D26443 /* Frameworks */,
				181352F22B1579B300D26443 /* Resources */,
			);
			buildRules = (
			);
			dependencies = (
				181352F62B1579B300D26443 /* PBXTargetDependency */,
			);
			name = NoteAppTests;
			productName = NoteAppTests;
			productReference = 181352F42B1579B300D26443 /* NoteAppTests.xctest */;
			productType = "com.apple.product-type.bundle.unit-test";
		};
		181352FD2B1579B300D26443 /* NoteAppUITests */ = {
			isa = PBXNativeTarget;
			buildConfigurationList = 1813530E2B1579B300D26443 /* Build configuration list for PBXNativeTarget "NoteAppUITests" */;
			buildPhases = (
				181352FA2B1579B300D26443 /* Sources */,
				181352FB2B1579B300D26443 /* Frameworks */,
				181352FC2B1579B300D26443 /* Resources */,
			);
			buildRules = (
			);
			dependencies = (
				181353002B1579B300D26443 /* PBXTargetDependency */,
			);
			name = NoteAppUITests;
			productName = NoteAppUITests;
			productReference = 181352FE2B1579B300D26443 /* NoteAppUITests.xctest */;
			productType = "com.apple.product-type.bundle.ui-testing";
		};
/* End PBXNativeTarget section */

/* Begin PBXProject section */
		181352D52B1579B200D26443 /* Project object */ = {
			isa = PBXProject;
			attributes = {
				BuildIndependentTargetsInParallel = 1;
				LastSwiftUpdateCheck = 1500;
				LastUpgradeCheck = 1500;
				TargetAttributes = {
					181352DC2B1579B200D26443 = {
						CreatedOnToolsVersion = 15.0.1;
					};
					181352F32B1579B300D26443 = {
						CreatedOnToolsVersion = 15.0.1;
						TestTargetID = 181352DC2B1579B200D26443;
					};
					181352FD2B1579B300D26443 = {
						CreatedOnToolsVersion = 15.0.1;
						TestTargetID = 181352DC2B1579B200D26443;
					};
				};
			};
			buildConfigurationList = 181352D82B1579B200D26443 /* Build configuration list for PBXProject "NoteApp" */;
			compatibilityVersion = "Xcode 14.0";
			developmentRegion = en;
			hasScannedForEncodings = 0;
			knownRegions = (
				en,
				Base,
			);
			mainGroup = 181352D42B1579B200D26443;
			productRefGroup = 181352DE2B1579B200D26443 /* Products */;
			projectDirPath = "";
			projectRoot = "";
			targets = (
				181352DC2B1579B200D26443 /* NoteApp */,
				181352F32B1579B300D26443 /* NoteAppTests */,
				181352FD2B1579B300D26443 /* NoteAppUITests */,
			);
		};
/* End PBXProject section */

/* Begin PBXResourcesBuildPhase section */
		181352DB2B1579B200D26443 /* Resources */ = {
			isa = PBXResourcesBuildPhase;
			buildActionMask = 2147483647;
			files = (
				181352E82B1579B300D26443 /* Preview Assets.xcassets in Resources */,
				181352E52B1579B300D26443 /* Assets.xcassets in Resources */,
			);
			runOnlyForDeploymentPostprocessing = 0;
		};
		181352F22B1579B300D26443 /* Resources */ = {
			isa = PBXResourcesBuildPhase;
			buildActionMask = 2147483647;
			files = (
			);
			runOnlyForDeploymentPostprocessing = 0;
		};
		181352FC2B1579B300D26443 /* Resources */ = {
			isa = PBXResourcesBuildPhase;
			buildActionMask = 2147483647;
			files = (
			);
			runOnlyForDeploymentPostprocessing = 0;
		};
/* End PBXResourcesBuildPhase section */

/* Begin PBXSourcesBuildPhase section */
		181352D92B1579B200D26443 /* Sources */ = {
			isa = PBXSourcesBuildPhase;
			buildActionMask = 2147483647;
			files = (
				188FE54B2B16F80F00D4D3DE /* DeleteNoteViewModel.swift in Sources */,
				181353192B157F7800D26443 /* LoginView.swift in Sources */,
				188FE5502B17390A00D4D3DE /* LoginViewModel.swift in Sources */,
				181352EA2B1579B300D26443 /* Persistence.swift in Sources */,
				183375BC2B15FBD400137952 /* MyNotes.xcdatamodeld in Sources */,
				181352E32B1579B200D26443 /* ContentView.swift in Sources */,
				181352E12B1579B200D26443 /* NoteApp.swift in Sources */,
				188FE54E2B16FDE000D4D3DE /* AddEditNoteView.swift in Sources */,
				181353232B15928E00D26443 /* NotesViewModel.swift in Sources */,
				1813531B2B15821200D26443 /* User.swift in Sources */,
				181353212B15917400D26443 /* NoteListView.swift in Sources */,
			);
			runOnlyForDeploymentPostprocessing = 0;
		};
		181352F02B1579B300D26443 /* Sources */ = {
			isa = PBXSourcesBuildPhase;
			buildActionMask = 2147483647;
			files = (
				188FE5522B174F0200D4D3DE /* LoginViewModelTests.swift in Sources */,
				181352F92B1579B300D26443 /* NoteAppTests.swift in Sources */,
			);
			runOnlyForDeploymentPostprocessing = 0;
		};
		181352FA2B1579B300D26443 /* Sources */ = {
			isa = PBXSourcesBuildPhase;
			buildActionMask = 2147483647;
			files = (
				181353052B1579B300D26443 /* NoteAppUITestsLaunchTests.swift in Sources */,
				181353032B1579B300D26443 /* NoteAppUITests.swift in Sources */,
			);
			runOnlyForDeploymentPostprocessing = 0;
		};
/* End PBXSourcesBuildPhase section */

/* Begin PBXTargetDependency section */
		181352F62B1579B300D26443 /* PBXTargetDependency */ = {
			isa = PBXTargetDependency;
			target = 181352DC2B1579B200D26443 /* NoteApp */;
			targetProxy = 181352F52B1579B300D26443 /* PBXContainerItemProxy */;
		};
		181353002B1579B300D26443 /* PBXTargetDependency */ = {
			isa = PBXTargetDependency;
			target = 181352DC2B1579B200D26443 /* NoteApp */;
			targetProxy = 181352FF2B1579B300D26443 /* PBXContainerItemProxy */;
		};
/* End PBXTargetDependency section */

/* Begin XCBuildConfiguration section */
		181353062B1579B300D26443 /* Debug */ = {
			isa = XCBuildConfiguration;
			buildSettings = {
				ALWAYS_SEARCH_USER_PATHS = NO;
				ASSETCATALOG_COMPILER_GENERATE_SWIFT_ASSET_SYMBOL_EXTENSIONS = YES;
				CLANG_ANALYZER_NONNULL = YES;
				CLANG_ANALYZER_NUMBER_OBJECT_CONVERSION = YES_AGGRESSIVE;
				CLANG_CXX_LANGUAGE_STANDARD = "gnu++20";
				CLANG_ENABLE_MODULES = YES;
				CLANG_ENABLE_OBJC_ARC = YES;
				CLANG_ENABLE_OBJC_WEAK = YES;
				CLANG_WARN_BLOCK_CAPTURE_AUTORELEASING = YES;
				CLANG_WARN_BOOL_CONVERSION = YES;
				CLANG_WARN_COMMA = YES;
				CLANG_WARN_CONSTANT_CONVERSION = YES;
				CLANG_WARN_DEPRECATED_OBJC_IMPLEMENTATIONS = YES;
				CLANG_WARN_DIRECT_OBJC_ISA_USAGE = YES_ERROR;
				CLANG_WARN_DOCUMENTATION_COMMENTS = YES;
				CLANG_WARN_EMPTY_BODY = YES;
				CLANG_WARN_ENUM_CONVERSION = YES;
				CLANG_WARN_INFINITE_RECURSION = YES;
				CLANG_WARN_INT_CONVERSION = YES;
				CLANG_WARN_NON_LITERAL_NULL_CONVERSION = YES;
				CLANG_WARN_OBJC_IMPLICIT_RETAIN_SELF = YES;
				CLANG_WARN_OBJC_LITERAL_CONVERSION = YES;
				CLANG_WARN_OBJC_ROOT_CLASS = YES_ERROR;
				CLANG_WARN_QUOTED_INCLUDE_IN_FRAMEWORK_HEADER = YES;
				CLANG_WARN_RANGE_LOOP_ANALYSIS = YES;
				CLANG_WARN_STRICT_PROTOTYPES = YES;
				CLANG_WARN_SUSPICIOUS_MOVE = YES;
				CLANG_WARN_UNGUARDED_AVAILABILITY = YES_AGGRESSIVE;
				CLANG_WARN_UNREACHABLE_CODE = YES;
				CLANG_WARN__DUPLICATE_METHOD_MATCH = YES;
				COPY_PHASE_STRIP = NO;
				DEBUG_INFORMATION_FORMAT = dwarf;
				ENABLE_STRICT_OBJC_MSGSEND = YES;
				ENABLE_TESTABILITY = YES;
				ENABLE_USER_SCRIPT_SANDBOXING = YES;
				GCC_C_LANGUAGE_STANDARD = gnu17;
				GCC_DYNAMIC_NO_PIC = NO;
				GCC_NO_COMMON_BLOCKS = YES;
				GCC_OPTIMIZATION_LEVEL = 0;
				GCC_PREPROCESSOR_DEFINITIONS = (
					"DEBUG=1",
					"$(inherited)",
				);
				GCC_WARN_64_TO_32_BIT_CONVERSION = YES;
				GCC_WARN_ABOUT_RETURN_TYPE = YES_ERROR;
				GCC_WARN_UNDECLARED_SELECTOR = YES;
				GCC_WARN_UNINITIALIZED_AUTOS = YES_AGGRESSIVE;
				GCC_WARN_UNUSED_FUNCTION = YES;
				GCC_WARN_UNUSED_VARIABLE = YES;
				IPHONEOS_DEPLOYMENT_TARGET = 17.0;
				LOCALIZATION_PREFERS_STRING_CATALOGS = YES;
				MTL_ENABLE_DEBUG_INFO = INCLUDE_SOURCE;
				MTL_FAST_MATH = YES;
				ONLY_ACTIVE_ARCH = YES;
				SDKROOT = iphoneos;
				SWIFT_ACTIVE_COMPILATION_CONDITIONS = "DEBUG $(inherited)";
				SWIFT_OPTIMIZATION_LEVEL = "-Onone";
			};
			name = Debug;
		};
		181353072B1579B300D26443 /* Release */ = {
			isa = XCBuildConfiguration;
			buildSettings = {
				ALWAYS_SEARCH_USER_PATHS = NO;
				ASSETCATALOG_COMPILER_GENERATE_SWIFT_ASSET_SYMBOL_EXTENSIONS = YES;
				CLANG_ANALYZER_NONNULL = YES;
				CLANG_ANALYZER_NUMBER_OBJECT_CONVERSION = YES_AGGRESSIVE;
				CLANG_CXX_LANGUAGE_STANDARD = "gnu++20";
				CLANG_ENABLE_MODULES = YES;
				CLANG_ENABLE_OBJC_ARC = YES;
				CLANG_ENABLE_OBJC_WEAK = YES;
				CLANG_WARN_BLOCK_CAPTURE_AUTORELEASING = YES;
				CLANG_WARN_BOOL_CONVERSION = YES;
				CLANG_WARN_COMMA = YES;
				CLANG_WARN_CONSTANT_CONVERSION = YES;
				CLANG_WARN_DEPRECATED_OBJC_IMPLEMENTATIONS = YES;
				CLANG_WARN_DIRECT_OBJC_ISA_USAGE = YES_ERROR;
				CLANG_WARN_DOCUMENTATION_COMMENTS = YES;
				CLANG_WARN_EMPTY_BODY = YES;
				CLANG_WARN_ENUM_CONVERSION = YES;
				CLANG_WARN_INFINITE_RECURSION = YES;
				CLANG_WARN_INT_CONVERSION = YES;
				CLANG_WARN_NON_LITERAL_NULL_CONVERSION = YES;
				CLANG_WARN_OBJC_IMPLICIT_RETAIN_SELF = YES;
				CLANG_WARN_OBJC_LITERAL_CONVERSION = YES;
				CLANG_WARN_OBJC_ROOT_CLASS = YES_ERROR;
				CLANG_WARN_QUOTED_INCLUDE_IN_FRAMEWORK_HEADER = YES;
				CLANG_WARN_RANGE_LOOP_ANALYSIS = YES;
				CLANG_WARN_STRICT_PROTOTYPES = YES;
				CLANG_WARN_SUSPICIOUS_MOVE = YES;
				CLANG_WARN_UNGUARDED_AVAILABILITY = YES_AGGRESSIVE;
				CLANG_WARN_UNREACHABLE_CODE = YES;
				CLANG_WARN__DUPLICATE_METHOD_MATCH = YES;
				COPY_PHASE_STRIP = NO;
				DEBUG_INFORMATION_FORMAT = "dwarf-with-dsym";
				ENABLE_NS_ASSERTIONS = NO;
				ENABLE_STRICT_OBJC_MSGSEND = YES;
				ENABLE_USER_SCRIPT_SANDBOXING = YES;
				GCC_C_LANGUAGE_STANDARD = gnu17;
				GCC_NO_COMMON_BLOCKS = YES;
				GCC_WARN_64_TO_32_BIT_CONVERSION = YES;
				GCC_WARN_ABOUT_RETURN_TYPE = YES_ERROR;
				GCC_WARN_UNDECLARED_SELECTOR = YES;
				GCC_WARN_UNINITIALIZED_AUTOS = YES_AGGRESSIVE;
				GCC_WARN_UNUSED_FUNCTION = YES;
				GCC_WARN_UNUSED_VARIABLE = YES;
				IPHONEOS_DEPLOYMENT_TARGET = 17.0;
				LOCALIZATION_PREFERS_STRING_CATALOGS = YES;
				MTL_ENABLE_DEBUG_INFO = NO;
				MTL_FAST_MATH = YES;
				SDKROOT = iphoneos;
				SWIFT_COMPILATION_MODE = wholemodule;
				VALIDATE_PRODUCT = YES;
			};
			name = Release;
		};
		181353092B1579B300D26443 /* Debug */ = {
			isa = XCBuildConfiguration;
			buildSettings = {
				ASSETCATALOG_COMPILER_APPICON_NAME = AppIcon;
				ASSETCATALOG_COMPILER_GLOBAL_ACCENT_COLOR_NAME = AccentColor;
				CODE_SIGN_ENTITLEMENTS = NoteApp/NoteApp.entitlements;
				CODE_SIGN_IDENTITY = "Apple Development";
				CODE_SIGN_STYLE = Automatic;
				CURRENT_PROJECT_VERSION = 1;
				DEVELOPMENT_ASSET_PATHS = "\"NoteApp/Preview Content\"";
				DEVELOPMENT_TEAM = VDJ557RJ9D;
				ENABLE_PREVIEWS = YES;
				GENERATE_INFOPLIST_FILE = YES;
				INFOPLIST_FILE = NoteApp/Info.plist;
				INFOPLIST_KEY_UIApplicationSceneManifest_Generation = YES;
				INFOPLIST_KEY_UIApplicationSupportsIndirectInputEvents = YES;
				INFOPLIST_KEY_UILaunchScreen_Generation = YES;
				INFOPLIST_KEY_UISupportedInterfaceOrientations_iPad = "UIInterfaceOrientationPortrait UIInterfaceOrientationPortraitUpsideDown UIInterfaceOrientationLandscapeLeft UIInterfaceOrientationLandscapeRight";
				INFOPLIST_KEY_UISupportedInterfaceOrientations_iPhone = "UIInterfaceOrientationPortrait UIInterfaceOrientationLandscapeLeft UIInterfaceOrientationLandscapeRight";
				LD_RUNPATH_SEARCH_PATHS = (
					"$(inherited)",
					"@executable_path/Frameworks",
				);
				MARKETING_VERSION = 1.0;
				PRODUCT_BUNDLE_IDENTIFIER = com.demo.NoteApp;
				PRODUCT_NAME = "$(TARGET_NAME)";
				PROVISIONING_PROFILE_SPECIFIER = "";
				SWIFT_EMIT_LOC_STRINGS = YES;
				SWIFT_VERSION = 5.0;
				TARGETED_DEVICE_FAMILY = "1,2";
			};
			name = Debug;
		};
		1813530A2B1579B300D26443 /* Release */ = {
			isa = XCBuildConfiguration;
			buildSettings = {
				ASSETCATALOG_COMPILER_APPICON_NAME = AppIcon;
				ASSETCATALOG_COMPILER_GLOBAL_ACCENT_COLOR_NAME = AccentColor;
				CODE_SIGN_ENTITLEMENTS = NoteApp/NoteApp.entitlements;
				CODE_SIGN_IDENTITY = "Apple Development";
				CODE_SIGN_STYLE = Automatic;
				CURRENT_PROJECT_VERSION = 1;
				DEVELOPMENT_ASSET_PATHS = "\"NoteApp/Preview Content\"";
				DEVELOPMENT_TEAM = VDJ557RJ9D;
				ENABLE_PREVIEWS = YES;
				GENERATE_INFOPLIST_FILE = YES;
				INFOPLIST_FILE = NoteApp/Info.plist;
				INFOPLIST_KEY_UIApplicationSceneManifest_Generation = YES;
				INFOPLIST_KEY_UIApplicationSupportsIndirectInputEvents = YES;
				INFOPLIST_KEY_UILaunchScreen_Generation = YES;
				INFOPLIST_KEY_UISupportedInterfaceOrientations_iPad = "UIInterfaceOrientationPortrait UIInterfaceOrientationPortraitUpsideDown UIInterfaceOrientationLandscapeLeft UIInterfaceOrientationLandscapeRight";
				INFOPLIST_KEY_UISupportedInterfaceOrientations_iPhone = "UIInterfaceOrientationPortrait UIInterfaceOrientationLandscapeLeft UIInterfaceOrientationLandscapeRight";
				LD_RUNPATH_SEARCH_PATHS = (
					"$(inherited)",
					"@executable_path/Frameworks",
				);
				MARKETING_VERSION = 1.0;
				PRODUCT_BUNDLE_IDENTIFIER = com.demo.NoteApp;
				PRODUCT_NAME = "$(TARGET_NAME)";
				PROVISIONING_PROFILE_SPECIFIER = "";
				SWIFT_EMIT_LOC_STRINGS = YES;
				SWIFT_VERSION = 5.0;
				TARGETED_DEVICE_FAMILY = "1,2";
			};
			name = Release;
		};
		1813530C2B1579B300D26443 /* Debug */ = {
			isa = XCBuildConfiguration;
			buildSettings = {
				ALWAYS_EMBED_SWIFT_STANDARD_LIBRARIES = YES;
				BUNDLE_LOADER = "$(TEST_HOST)";
				CODE_SIGN_STYLE = Automatic;
				CURRENT_PROJECT_VERSION = 1;
				DEVELOPMENT_TEAM = VDJ557RJ9D;
				GENERATE_INFOPLIST_FILE = YES;
				IPHONEOS_DEPLOYMENT_TARGET = 17.0;
				MARKETING_VERSION = 1.0;
				PRODUCT_BUNDLE_IDENTIFIER = com.demo.NoteAppTests;
				PRODUCT_NAME = "$(TARGET_NAME)";
				SWIFT_EMIT_LOC_STRINGS = NO;
				SWIFT_VERSION = 5.0;
				TARGETED_DEVICE_FAMILY = "1,2";
				TEST_HOST = "$(BUILT_PRODUCTS_DIR)/NoteApp.app/$(BUNDLE_EXECUTABLE_FOLDER_PATH)/NoteApp";
			};
			name = Debug;
		};
		1813530D2B1579B300D26443 /* Release */ = {
			isa = XCBuildConfiguration;
			buildSettings = {
				ALWAYS_EMBED_SWIFT_STANDARD_LIBRARIES = YES;
				BUNDLE_LOADER = "$(TEST_HOST)";
				CODE_SIGN_STYLE = Automatic;
				CURRENT_PROJECT_VERSION = 1;
				DEVELOPMENT_TEAM = VDJ557RJ9D;
				GENERATE_INFOPLIST_FILE = YES;
				IPHONEOS_DEPLOYMENT_TARGET = 17.0;
				MARKETING_VERSION = 1.0;
				PRODUCT_BUNDLE_IDENTIFIER = com.demo.NoteAppTests;
				PRODUCT_NAME = "$(TARGET_NAME)";
				SWIFT_EMIT_LOC_STRINGS = NO;
				SWIFT_VERSION = 5.0;
				TARGETED_DEVICE_FAMILY = "1,2";
				TEST_HOST = "$(BUILT_PRODUCTS_DIR)/NoteApp.app/$(BUNDLE_EXECUTABLE_FOLDER_PATH)/NoteApp";
			};
			name = Release;
		};
		1813530F2B1579B300D26443 /* Debug */ = {
			isa = XCBuildConfiguration;
			buildSettings = {
				ALWAYS_EMBED_SWIFT_STANDARD_LIBRARIES = YES;
				CODE_SIGN_STYLE = Automatic;
				CURRENT_PROJECT_VERSION = 1;
				DEVELOPMENT_TEAM = VDJ557RJ9D;
				GENERATE_INFOPLIST_FILE = YES;
				MARKETING_VERSION = 1.0;
				PRODUCT_BUNDLE_IDENTIFIER = com.demo.NoteAppUITests;
				PRODUCT_NAME = "$(TARGET_NAME)";
				SWIFT_EMIT_LOC_STRINGS = NO;
				SWIFT_VERSION = 5.0;
				TARGETED_DEVICE_FAMILY = "1,2";
				TEST_TARGET_NAME = NoteApp;
			};
			name = Debug;
		};
		181353102B1579B300D26443 /* Release */ = {
			isa = XCBuildConfiguration;
			buildSettings = {
				ALWAYS_EMBED_SWIFT_STANDARD_LIBRARIES = YES;
				CODE_SIGN_STYLE = Automatic;
				CURRENT_PROJECT_VERSION = 1;
				DEVELOPMENT_TEAM = VDJ557RJ9D;
				GENERATE_INFOPLIST_FILE = YES;
				MARKETING_VERSION = 1.0;
				PRODUCT_BUNDLE_IDENTIFIER = com.demo.NoteAppUITests;
				PRODUCT_NAME = "$(TARGET_NAME)";
				SWIFT_EMIT_LOC_STRINGS = NO;
				SWIFT_VERSION = 5.0;
				TARGETED_DEVICE_FAMILY = "1,2";
				TEST_TARGET_NAME = NoteApp;
			};
			name = Release;
		};
/* End XCBuildConfiguration section */

/* Begin XCConfigurationList section */
		181352D82B1579B200D26443 /* Build configuration list for PBXProject "NoteApp" */ = {
			isa = XCConfigurationList;
			buildConfigurations = (
				181353062B1579B300D26443 /* Debug */,
				181353072B1579B300D26443 /* Release */,
			);
			defaultConfigurationIsVisible = 0;
			defaultConfigurationName = Release;
		};
		181353082B1579B300D26443 /* Build configuration list for PBXNativeTarget "NoteApp" */ = {
			isa = XCConfigurationList;
			buildConfigurations = (
				181353092B1579B300D26443 /* Debug */,
				1813530A2B1579B300D26443 /* Release */,
			);
			defaultConfigurationIsVisible = 0;
			defaultConfigurationName = Release;
		};
		1813530B2B1579B300D26443 /* Build configuration list for PBXNativeTarget "NoteAppTests" */ = {
			isa = XCConfigurationList;
			buildConfigurations = (
				1813530C2B1579B300D26443 /* Debug */,
				1813530D2B1579B300D26443 /* Release */,
			);
			defaultConfigurationIsVisible = 0;
			defaultConfigurationName = Release;
		};
		1813530E2B1579B300D26443 /* Build configuration list for PBXNativeTarget "NoteAppUITests" */ = {
			isa = XCConfigurationList;
			buildConfigurations = (
				1813530F2B1579B300D26443 /* Debug */,
				181353102B1579B300D26443 /* Release */,
			);
			defaultConfigurationIsVisible = 0;
			defaultConfigurationName = Release;
		};
/* End XCConfigurationList section */

/* Begin XCVersionGroup section */
		183375BA2B15FBD400137952 /* MyNotes.xcdatamodeld */ = {
			isa = XCVersionGroup;
			children = (
				183375BB2B15FBD400137952 /* MyNotes.xcdatamodel */,
			);
			currentVersion = 183375BB2B15FBD400137952 /* MyNotes.xcdatamodel */;
			path = MyNotes.xcdatamodeld;
			sourceTree = "<group>";
			versionGroupType = wrapper.xcdatamodel;
		};
/* End XCVersionGroup section */
	};
	rootObject = 181352D52B1579B200D26443 /* Project object */;
}
